
Microsoft Visual Studio Solution File, Format Version 12.00
# Visual Studio Version 17
VisualStudioVersion = 17.3.32929.385
MinimumVisualStudioVersion = 10.0.40219.1
Project("{FAE04EC0-301F-11D3-BF4B-00C04F79EFBC}") = "ExtentionConverterWindowsForm", "ExtentionConverterWindowsForm\ExtentionConverterWindowsForm.csproj", "{FD0E66FA-96E1-4ECC-8330-5F3566F08864}"
EndProject
Global
	GlobalSection(SolutionConfigurationPlatforms) = preSolution
		Debug|Any CPU = Debug|Any CPU
		Release|Any CPU = Release|Any CPU
	EndGlobalSection
	GlobalSection(ProjectConfigurationPlatforms) = postSolution
		{FD0E66FA-96E1-4ECC-8330-5F3566F08864}.Debug|Any CPU.ActiveCfg = Debug|Any CPU
		{FD0E66FA-96E1-4ECC-8330-5F3566F08864}.Debug|Any CPU.Build.0 = Debug|Any CPU
		{FD0E66FA-96E1-4ECC-8330-5F3566F08864}.Release|Any CPU.ActiveCfg = Release|Any CPU
		{FD0E66FA-96E1-4ECC-8330-5F3566F08864}.Release|Any CPU.Build.0 = Release|Any CPU
	EndGlobalSection
	GlobalSection(SolutionProperties) = preSolution
		HideSolutionNode = FALSE
	EndGlobalSection
	GlobalSection(ExtensibilityGlobals) = postSolution
		SolutionGuid = {7091EE97-7420-433F-9EF9-38D021EE40EE}
	EndGlobalSection
EndGlobal
